// !$*UTF8*$!
{
	archiveVersion = 1;
	classes = {
	};
	objectVersion = 48;
	objects = {

/* Begin PBXBuildFile section */
		37B2E9F12062770200043AC8 /* Status.swift in Sources */ = {isa = PBXBuildFile; fileRef = 37B2E9F02062770200043AC8 /* Status.swift */; };
		37B2E9F520629EF400043AC8 /* IssueStatuses.swift in Sources */ = {isa = PBXBuildFile; fileRef = 37B2E9F420629EF400043AC8 /* IssueStatuses.swift */; };
		BC014DAE2060110500412EF9 /* Constants.swift in Sources */ = {isa = PBXBuildFile; fileRef = BC014DAD2060110500412EF9 /* Constants.swift */; };
		BC014DB32060319100412EF9 /* Meta.swift in Sources */ = {isa = PBXBuildFile; fileRef = BC014DB22060319100412EF9 /* Meta.swift */; };
		BC014DB5206031A100412EF9 /* Project.swift in Sources */ = {isa = PBXBuildFile; fileRef = BC014DB4206031A100412EF9 /* Project.swift */; };
		BC014DB7206031F700412EF9 /* IssueType.swift in Sources */ = {isa = PBXBuildFile; fileRef = BC014DB6206031F700412EF9 /* IssueType.swift */; };
		BC014DB92060415200412EF9 /* APIResponse.swift in Sources */ = {isa = PBXBuildFile; fileRef = BC014DB82060415200412EF9 /* APIResponse.swift */; };
		BC10362E205BC8BE002B75BE /* main.swift in Sources */ = {isa = PBXBuildFile; fileRef = BC10362D205BC8BE002B75BE /* main.swift */; };
		BC103635205BF46B002B75BE /* Settings.swift in Sources */ = {isa = PBXBuildFile; fileRef = BC103634205BF46B002B75BE /* Settings.swift */; };
		BC103637205C2F00002B75BE /* Net.swift in Sources */ = {isa = PBXBuildFile; fileRef = BC103636205C2F00002B75BE /* Net.swift */; };
/* End PBXBuildFile section */

/* Begin PBXCopyFilesBuildPhase section */
		BC103628205BC8BE002B75BE /* CopyFiles */ = {
			isa = PBXCopyFilesBuildPhase;
			buildActionMask = 2147483647;
			dstPath = /usr/share/man/man1/;
			dstSubfolderSpec = 0;
			files = (
			);
			runOnlyForDeploymentPostprocessing = 1;
		};
/* End PBXCopyFilesBuildPhase section */

/* Begin PBXFileReference section */
		37B2E9F02062770200043AC8 /* Status.swift */ = {isa = PBXFileReference; lastKnownFileType = sourcecode.swift; path = Status.swift; sourceTree = "<group>"; };
		37B2E9F420629EF400043AC8 /* IssueStatuses.swift */ = {isa = PBXFileReference; lastKnownFileType = sourcecode.swift; path = IssueStatuses.swift; sourceTree = "<group>"; };
		BC014DAD2060110500412EF9 /* Constants.swift */ = {isa = PBXFileReference; lastKnownFileType = sourcecode.swift; path = Constants.swift; sourceTree = "<group>"; };
		BC014DB22060319100412EF9 /* Meta.swift */ = {isa = PBXFileReference; lastKnownFileType = sourcecode.swift; path = Meta.swift; sourceTree = "<group>"; };
		BC014DB4206031A100412EF9 /* Project.swift */ = {isa = PBXFileReference; lastKnownFileType = sourcecode.swift; path = Project.swift; sourceTree = "<group>"; };
		BC014DB6206031F700412EF9 /* IssueType.swift */ = {isa = PBXFileReference; lastKnownFileType = sourcecode.swift; path = IssueType.swift; sourceTree = "<group>"; };
		BC014DB82060415200412EF9 /* APIResponse.swift */ = {isa = PBXFileReference; lastKnownFileType = sourcecode.swift; path = APIResponse.swift; sourceTree = "<group>"; };
		BC0CB35B206394A00066FB92 /* README.md */ = {isa = PBXFileReference; lastKnownFileType = net.daringfireball.markdown; path = README.md; sourceTree = "<group>"; };
		BC10362A205BC8BE002B75BE /* zira */ = {isa = PBXFileReference; explicitFileType = "compiled.mach-o.executable"; includeInIndex = 0; path = zira; sourceTree = BUILT_PRODUCTS_DIR; };
		BC10362D205BC8BE002B75BE /* main.swift */ = {isa = PBXFileReference; lastKnownFileType = sourcecode.swift; path = main.swift; sourceTree = "<group>"; };
		BC103634205BF46B002B75BE /* Settings.swift */ = {isa = PBXFileReference; lastKnownFileType = sourcecode.swift; path = Settings.swift; sourceTree = "<group>"; };
		BC103636205C2F00002B75BE /* Net.swift */ = {isa = PBXFileReference; lastKnownFileType = sourcecode.swift; path = Net.swift; sourceTree = "<group>"; };
/* End PBXFileReference section */

/* Begin PBXFrameworksBuildPhase section */
		BC103627205BC8BE002B75BE /* Frameworks */ = {
			isa = PBXFrameworksBuildPhase;
			buildActionMask = 2147483647;
			files = (
			);
			runOnlyForDeploymentPostprocessing = 0;
		};
/* End PBXFrameworksBuildPhase section */

/* Begin PBXGroup section */
		BC014DAF2060317D00412EF9 /* Models */ = {
			isa = PBXGroup;
			children = (
				BC014DB22060319100412EF9 /* Meta.swift */,
				BC014DB4206031A100412EF9 /* Project.swift */,
				BC014DB6206031F700412EF9 /* IssueType.swift */,
				BC014DB82060415200412EF9 /* APIResponse.swift */,
				37B2E9F02062770200043AC8 /* Status.swift */,
				37B2E9F420629EF400043AC8 /* IssueStatuses.swift */,
			);
			path = Models;
			sourceTree = "<group>";
		};
		BC103621205BC8BE002B75BE = {
			isa = PBXGroup;
			children = (
				BC0CB35B206394A00066FB92 /* README.md */,
				BC10362C205BC8BE002B75BE /* zira */,
				BC10362B205BC8BE002B75BE /* Products */,
			);
			sourceTree = "<group>";
		};
		BC10362B205BC8BE002B75BE /* Products */ = {
			isa = PBXGroup;
			children = (
				BC10362A205BC8BE002B75BE /* zira */,
			);
			name = Products;
			sourceTree = "<group>";
		};
		BC10362C205BC8BE002B75BE /* zira */ = {
			isa = PBXGroup;
			children = (
				BC014DAF2060317D00412EF9 /* Models */,
				BC10362D205BC8BE002B75BE /* main.swift */,
				BC103634205BF46B002B75BE /* Settings.swift */,
				BC103636205C2F00002B75BE /* Net.swift */,
				BC014DAD2060110500412EF9 /* Constants.swift */,
			);
			path = zira;
			sourceTree = "<group>";
		};
/* End PBXGroup section */

/* Begin PBXNativeTarget section */
		BC103629205BC8BE002B75BE /* zira */ = {
			isa = PBXNativeTarget;
			buildConfigurationList = BC103631205BC8BE002B75BE /* Build configuration list for PBXNativeTarget "zira" */;
			buildPhases = (
				BC103626205BC8BE002B75BE /* Sources */,
				BC103627205BC8BE002B75BE /* Frameworks */,
				BC103628205BC8BE002B75BE /* CopyFiles */,
			);
			buildRules = (
			);
			dependencies = (
			);
			name = zira;
			productName = zira;
			productReference = BC10362A205BC8BE002B75BE /* zira */;
			productType = "com.apple.product-type.tool";
		};
/* End PBXNativeTarget section */

/* Begin PBXProject section */
		BC103622205BC8BE002B75BE /* Project object */ = {
			isa = PBXProject;
			attributes = {
				LastSwiftUpdateCheck = 0910;
				LastUpgradeCheck = 0910;
				ORGANIZATIONNAME = Zaakk;
				TargetAttributes = {
					BC103629205BC8BE002B75BE = {
						CreatedOnToolsVersion = 9.1;
						ProvisioningStyle = Automatic;
					};
				};
			};
			buildConfigurationList = BC103625205BC8BE002B75BE /* Build configuration list for PBXProject "zira" */;
			compatibilityVersion = "Xcode 8.0";
			developmentRegion = en;
			hasScannedForEncodings = 0;
			knownRegions = (
				en,
			);
			mainGroup = BC103621205BC8BE002B75BE;
			productRefGroup = BC10362B205BC8BE002B75BE /* Products */;
			projectDirPath = "";
			projectRoot = "";
			targets = (
				BC103629205BC8BE002B75BE /* zira */,
			);
		};
/* End PBXProject section */

/* Begin PBXSourcesBuildPhase section */
		BC103626205BC8BE002B75BE /* Sources */ = {
			isa = PBXSourcesBuildPhase;
			buildActionMask = 2147483647;
			files = (
				BC014DAE2060110500412EF9 /* Constants.swift in Sources */,
				BC103635205BF46B002B75BE /* Settings.swift in Sources */,
				BC014DB32060319100412EF9 /* Meta.swift in Sources */,
				BC103637205C2F00002B75BE /* Net.swift in Sources */,
				BC014DB7206031F700412EF9 /* IssueType.swift in Sources */,
				37B2E9F12062770200043AC8 /* Status.swift in Sources */,
				BC014DB92060415200412EF9 /* APIResponse.swift in Sources */,
				37B2E9F520629EF400043AC8 /* IssueStatuses.swift in Sources */,
				BC014DB5206031A100412EF9 /* Project.swift in Sources */,
				BC10362E205BC8BE002B75BE /* main.swift in Sources */,
			);
			runOnlyForDeploymentPostprocessing = 0;
		};
/* End PBXSourcesBuildPhase section */

/* Begin XCBuildConfiguration section */
		BC10362F205BC8BE002B75BE /* Debug */ = {
			isa = XCBuildConfiguration;
			buildSettings = {
				ALWAYS_SEARCH_USER_PATHS = NO;
				CLANG_ANALYZER_NONNULL = YES;
				CLANG_ANALYZER_NUMBER_OBJECT_CONVERSION = YES_AGGRESSIVE;
				CLANG_CXX_LANGUAGE_STANDARD = "gnu++14";
				CLANG_CXX_LIBRARY = "libc++";
				CLANG_ENABLE_MODULES = YES;
				CLANG_ENABLE_OBJC_ARC = YES;
				CLANG_WARN_BLOCK_CAPTURE_AUTORELEASING = YES;
				CLANG_WARN_BOOL_CONVERSION = YES;
				CLANG_WARN_COMMA = YES;
				CLANG_WARN_CONSTANT_CONVERSION = YES;
				CLANG_WARN_DIRECT_OBJC_ISA_USAGE = YES_ERROR;
				CLANG_WARN_DOCUMENTATION_COMMENTS = YES;
				CLANG_WARN_EMPTY_BODY = YES;
				CLANG_WARN_ENUM_CONVERSION = YES;
				CLANG_WARN_INFINITE_RECURSION = YES;
				CLANG_WARN_INT_CONVERSION = YES;
				CLANG_WARN_NON_LITERAL_NULL_CONVERSION = YES;
				CLANG_WARN_OBJC_LITERAL_CONVERSION = YES;
				CLANG_WARN_OBJC_ROOT_CLASS = YES_ERROR;
				CLANG_WARN_RANGE_LOOP_ANALYSIS = YES;
				CLANG_WARN_STRICT_PROTOTYPES = YES;
				CLANG_WARN_SUSPICIOUS_MOVE = YES;
				CLANG_WARN_UNGUARDED_AVAILABILITY = YES_AGGRESSIVE;
				CLANG_WARN_UNREACHABLE_CODE = YES;
				CLANG_WARN__DUPLICATE_METHOD_MATCH = YES;
				CODE_SIGN_IDENTITY = "Mac Developer";
				COPY_PHASE_STRIP = NO;
				DEBUG_INFORMATION_FORMAT = dwarf;
				ENABLE_STRICT_OBJC_MSGSEND = YES;
				ENABLE_TESTABILITY = YES;
				GCC_C_LANGUAGE_STANDARD = gnu11;
				GCC_DYNAMIC_NO_PIC = NO;
				GCC_NO_COMMON_BLOCKS = YES;
				GCC_OPTIMIZATION_LEVEL = 0;
				GCC_PREPROCESSOR_DEFINITIONS = (
					"DEBUG=1",
					"$(inherited)",
				);
				GCC_WARN_64_TO_32_BIT_CONVERSION = YES;
				GCC_WARN_ABOUT_RETURN_TYPE = YES_ERROR;
				GCC_WARN_UNDECLARED_SELECTOR = YES;
				GCC_WARN_UNINITIALIZED_AUTOS = YES_AGGRESSIVE;
				GCC_WARN_UNUSED_FUNCTION = YES;
				GCC_WARN_UNUSED_VARIABLE = YES;
				MACOSX_DEPLOYMENT_TARGET = 10.13;
				MTL_ENABLE_DEBUG_INFO = YES;
				ONLY_ACTIVE_ARCH = YES;
				SDKROOT = macosx;
				SWIFT_ACTIVE_COMPILATION_CONDITIONS = DEBUG;
				SWIFT_OPTIMIZATION_LEVEL = "-Onone";
			};
			name = Debug;
		};
		BC103630205BC8BE002B75BE /* Release */ = {
			isa = XCBuildConfiguration;
			buildSettings = {
				ALWAYS_SEARCH_USER_PATHS = NO;
				CLANG_ANALYZER_NONNULL = YES;
				CLANG_ANALYZER_NUMBER_OBJECT_CONVERSION = YES_AGGRESSIVE;
				CLANG_CXX_LANGUAGE_STANDARD = "gnu++14";
				CLANG_CXX_LIBRARY = "libc++";
				CLANG_ENABLE_MODULES = YES;
				CLANG_ENABLE_OBJC_ARC = YES;
				CLANG_WARN_BLOCK_CAPTURE_AUTORELEASING = YES;
				CLANG_WARN_BOOL_CONVERSION = YES;
				CLANG_WARN_COMMA = YES;
				CLANG_WARN_CONSTANT_CONVERSION = YES;
				CLANG_WARN_DIRECT_OBJC_ISA_USAGE = YES_ERROR;
				CLANG_WARN_DOCUMENTATION_COMMENTS = YES;
				CLANG_WARN_EMPTY_BODY = YES;
				CLANG_WARN_ENUM_CONVERSION = YES;
				CLANG_WARN_INFINITE_RECURSION = YES;
				CLANG_WARN_INT_CONVERSION = YES;
				CLANG_WARN_NON_LITERAL_NULL_CONVERSION = YES;
				CLANG_WARN_OBJC_LITERAL_CONVERSION = YES;
				CLANG_WARN_OBJC_ROOT_CLASS = YES_ERROR;
				CLANG_WARN_RANGE_LOOP_ANALYSIS = YES;
				CLANG_WARN_STRICT_PROTOTYPES = YES;
				CLANG_WARN_SUSPICIOUS_MOVE = YES;
				CLANG_WARN_UNGUARDED_AVAILABILITY = YES_AGGRESSIVE;
				CLANG_WARN_UNREACHABLE_CODE = YES;
				CLANG_WARN__DUPLICATE_METHOD_MATCH = YES;
				CODE_SIGN_IDENTITY = "Mac Developer";
				COPY_PHASE_STRIP = NO;
				DEBUG_INFORMATION_FORMAT = "dwarf-with-dsym";
				ENABLE_NS_ASSERTIONS = NO;
				ENABLE_STRICT_OBJC_MSGSEND = YES;
				GCC_C_LANGUAGE_STANDARD = gnu11;
				GCC_NO_COMMON_BLOCKS = YES;
				GCC_WARN_64_TO_32_BIT_CONVERSION = YES;
				GCC_WARN_ABOUT_RETURN_TYPE = YES_ERROR;
				GCC_WARN_UNDECLARED_SELECTOR = YES;
				GCC_WARN_UNINITIALIZED_AUTOS = YES_AGGRESSIVE;
				GCC_WARN_UNUSED_FUNCTION = YES;
				GCC_WARN_UNUSED_VARIABLE = YES;
				MACOSX_DEPLOYMENT_TARGET = 10.13;
				MTL_ENABLE_DEBUG_INFO = NO;
				SDKROOT = macosx;
				SWIFT_OPTIMIZATION_LEVEL = "-Owholemodule";
			};
			name = Release;
		};
		BC103632205BC8BE002B75BE /* Debug */ = {
			isa = XCBuildConfiguration;
			buildSettings = {
				CODE_SIGN_STYLE = Automatic;
				DEVELOPMENT_TEAM = 86652PZBLR;
				PRODUCT_NAME = "$(TARGET_NAME)";
				SWIFT_VERSION = 4.0;
			};
			name = Debug;
		};
		BC103633205BC8BE002B75BE /* Release */ = {
			isa = XCBuildConfiguration;
			buildSettings = {
				CODE_SIGN_STYLE = Automatic;
				DEVELOPMENT_TEAM = 86652PZBLR;
				PRODUCT_NAME = "$(TARGET_NAME)";
				SWIFT_VERSION = 4.0;
			};
			name = Release;
		};
/* End XCBuildConfiguration section */

/* Begin XCConfigurationList section */
		BC103625205BC8BE002B75BE /* Build configuration list for PBXProject "zira" */ = {
			isa = XCConfigurationList;
			buildConfigurations = (
				BC10362F205BC8BE002B75BE /* Debug */,
				BC103630205BC8BE002B75BE /* Release */,
			);
			defaultConfigurationIsVisible = 0;
			defaultConfigurationName = Release;
		};
		BC103631205BC8BE002B75BE /* Build configuration list for PBXNativeTarget "zira" */ = {
			isa = XCConfigurationList;
			buildConfigurations = (
				BC103632205BC8BE002B75BE /* Debug */,
				BC103633205BC8BE002B75BE /* Release */,
			);
			defaultConfigurationIsVisible = 0;
			defaultConfigurationName = Release;
		};
/* End XCConfigurationList section */
	};
	rootObject = BC103622205BC8BE002B75BE /* Project object */;
}
